// !$*UTF8*$!
{
	archiveVersion = 1;
	classes = {
	};
	objectVersion = 46;
	objects = {

/* Begin PBXBuildFile section */
		D81213F31F4581E600327F31 /* MeshInstance.swift in Sources */ = {isa = PBXBuildFile; fileRef = D81213F21F4581E600327F31 /* MeshInstance.swift */; };
		D81214051F464F2800327F31 /* Texture.swift in Sources */ = {isa = PBXBuildFile; fileRef = D81214041F464F2800327F31 /* Texture.swift */; };
		D8240CC91F26A0C0005CFDF4 /* Player.swift in Sources */ = {isa = PBXBuildFile; fileRef = D8240CC81F26A0C0005CFDF4 /* Player.swift */; };
		D8240CD01F27BAD6005CFDF4 /* float4x4+Extensions.swift in Sources */ = {isa = PBXBuildFile; fileRef = D8240CCF1F27BAD6005CFDF4 /* float4x4+Extensions.swift */; };
		D84438981F4B52FE0090AC18 /* ModelAsteroid.swift in Sources */ = {isa = PBXBuildFile; fileRef = D84438971F4B52FE0090AC18 /* ModelAsteroid.swift */; };
		D844389A1F4B7C760090AC18 /* TextLayer.swift in Sources */ = {isa = PBXBuildFile; fileRef = D84438991F4B7C760090AC18 /* TextLayer.swift */; };
		D856494C1F3CDF4A00D069FD /* Buffer.swift in Sources */ = {isa = PBXBuildFile; fileRef = D856494B1F3CDF4900D069FD /* Buffer.swift */; };
		D85F97C11F436B2700FB7BDE /* Mesh.swift in Sources */ = {isa = PBXBuildFile; fileRef = D85F97C01F436B2700FB7BDE /* Mesh.swift */; };
		D85F97C31F436B6200FB7BDE /* Primitive.swift in Sources */ = {isa = PBXBuildFile; fileRef = D85F97C21F436B6200FB7BDE /* Primitive.swift */; };
		D87C49461F30F59D0071EF45 /* Shader.swift in Sources */ = {isa = PBXBuildFile; fileRef = D87C49451F30F59D0071EF45 /* Shader.swift */; };
		D87C49481F31BC630071EF45 /* Physics.metal in Sources */ = {isa = PBXBuildFile; fileRef = D87C49471F31BC630071EF45 /* Physics.metal */; };
		D87C494A1F31BF1C0071EF45 /* Particle.swift in Sources */ = {isa = PBXBuildFile; fileRef = D87C49491F31BF1C0071EF45 /* Particle.swift */; };
		D87C494C1F32449E0071EF45 /* Model.swift in Sources */ = {isa = PBXBuildFile; fileRef = D87C494B1F32449E0071EF45 /* Model.swift */; };
		D89E33BF1F1FCF030006F5A3 /* ViewController.swift in Sources */ = {isa = PBXBuildFile; fileRef = D89E33BE1F1FCF030006F5A3 /* ViewController.swift */; };
		D89E33C21F1FCF030006F5A3 /* Main.storyboard in Resources */ = {isa = PBXBuildFile; fileRef = D89E33C01F1FCF030006F5A3 /* Main.storyboard */; };
		D89E33C41F1FCF030006F5A3 /* Assets.xcassets in Resources */ = {isa = PBXBuildFile; fileRef = D89E33C31F1FCF030006F5A3 /* Assets.xcassets */; };
		D89E33C71F1FCF030006F5A3 /* LaunchScreen.storyboard in Resources */ = {isa = PBXBuildFile; fileRef = D89E33C51F1FCF030006F5A3 /* LaunchScreen.storyboard */; };
		D89E33D21F1FCF040006F5A3 /* JoeMetalProjTests.swift in Sources */ = {isa = PBXBuildFile; fileRef = D89E33D11F1FCF040006F5A3 /* JoeMetalProjTests.swift */; };
		D89E33DD1F1FCF040006F5A3 /* JoeMetalProjUITests.swift in Sources */ = {isa = PBXBuildFile; fileRef = D89E33DC1F1FCF040006F5A3 /* JoeMetalProjUITests.swift */; };
		D89E33F61F1FCF650006F5A3 /* AppDelegate.swift in Sources */ = {isa = PBXBuildFile; fileRef = D89E33EB1F1FCF650006F5A3 /* AppDelegate.swift */; };
		D89E33FB1F1FCF650006F5A3 /* Shaders.metal in Sources */ = {isa = PBXBuildFile; fileRef = D89E33F21F1FCF650006F5A3 /* Shaders.metal */; };
		D8A1BAB71F59DB3C00F59B83 /* SubMesh.swift in Sources */ = {isa = PBXBuildFile; fileRef = D8A1BAB61F59DB3C00F59B83 /* SubMesh.swift */; };
		D8BB06AC1F465602004F4A48 /* Data in Resources */ = {isa = PBXBuildFile; fileRef = D8BB06AB1F4655B0004F4A48 /* Data */; };
		D8F143A91F54C16F0022041B /* PbmShader.metal in Sources */ = {isa = PBXBuildFile; fileRef = D8F143A81F54C16F0022041B /* PbmShader.metal */; };
		D8F143AC1F5734DA0022041B /* Material.swift in Sources */ = {isa = PBXBuildFile; fileRef = D8F143AB1F5734DA0022041B /* Material.swift */; };
		D8FD394B1F223AF3003A548B /* Pass.swift in Sources */ = {isa = PBXBuildFile; fileRef = D8FD394A1F223AF3003A548B /* Pass.swift */; };
		D8FD39591F23E8EB003A548B /* App.swift in Sources */ = {isa = PBXBuildFile; fileRef = D8FD39581F23E8EB003A548B /* App.swift */; };
		D8FD395C1F23EAA2003A548B /* TouchMgr.swift in Sources */ = {isa = PBXBuildFile; fileRef = D8FD395B1F23EAA2003A548B /* TouchMgr.swift */; };
		D8FD39601F23EE11003A548B /* Kernel.swift in Sources */ = {isa = PBXBuildFile; fileRef = D8FD395F1F23EE11003A548B /* Kernel.swift */; };
		D8FD39621F24050D003A548B /* GameObject.swift in Sources */ = {isa = PBXBuildFile; fileRef = D8FD39611F24050D003A548B /* GameObject.swift */; };
		D8FD39641F240558003A548B /* Enemy.swift in Sources */ = {isa = PBXBuildFile; fileRef = D8FD39631F240558003A548B /* Enemy.swift */; };
		D8FD39661F240BAF003A548B /* Utils.swift in Sources */ = {isa = PBXBuildFile; fileRef = D8FD39651F240BAF003A548B /* Utils.swift */; };
/* End PBXBuildFile section */

/* Begin PBXContainerItemProxy section */
		D89E33CE1F1FCF040006F5A3 /* PBXContainerItemProxy */ = {
			isa = PBXContainerItemProxy;
			containerPortal = D89E33B11F1FCF030006F5A3 /* Project object */;
			proxyType = 1;
			remoteGlobalIDString = D89E33B81F1FCF030006F5A3;
			remoteInfo = JoeMetalProj;
		};
		D89E33D91F1FCF040006F5A3 /* PBXContainerItemProxy */ = {
			isa = PBXContainerItemProxy;
			containerPortal = D89E33B11F1FCF030006F5A3 /* Project object */;
			proxyType = 1;
			remoteGlobalIDString = D89E33B81F1FCF030006F5A3;
			remoteInfo = JoeMetalProj;
		};
/* End PBXContainerItemProxy section */

/* Begin PBXFileReference section */
		D81213F21F4581E600327F31 /* MeshInstance.swift */ = {isa = PBXFileReference; lastKnownFileType = sourcecode.swift; path = MeshInstance.swift; sourceTree = "<group>"; };
		D81214041F464F2800327F31 /* Texture.swift */ = {isa = PBXFileReference; lastKnownFileType = sourcecode.swift; path = Texture.swift; sourceTree = "<group>"; };
		D8240CC81F26A0C0005CFDF4 /* Player.swift */ = {isa = PBXFileReference; fileEncoding = 4; lastKnownFileType = sourcecode.swift; path = Player.swift; sourceTree = "<group>"; };
		D8240CCF1F27BAD6005CFDF4 /* float4x4+Extensions.swift */ = {isa = PBXFileReference; fileEncoding = 4; lastKnownFileType = sourcecode.swift; path = "float4x4+Extensions.swift"; sourceTree = "<group>"; };
		D84438971F4B52FE0090AC18 /* ModelAsteroid.swift */ = {isa = PBXFileReference; lastKnownFileType = sourcecode.swift; path = ModelAsteroid.swift; sourceTree = "<group>"; };
		D84438991F4B7C760090AC18 /* TextLayer.swift */ = {isa = PBXFileReference; lastKnownFileType = sourcecode.swift; path = TextLayer.swift; sourceTree = "<group>"; };
		D856494B1F3CDF4900D069FD /* Buffer.swift */ = {isa = PBXFileReference; lastKnownFileType = sourcecode.swift; path = Buffer.swift; sourceTree = "<group>"; };
		D85F97C01F436B2700FB7BDE /* Mesh.swift */ = {isa = PBXFileReference; lastKnownFileType = sourcecode.swift; path = Mesh.swift; sourceTree = "<group>"; };
		D85F97C21F436B6200FB7BDE /* Primitive.swift */ = {isa = PBXFileReference; lastKnownFileType = sourcecode.swift; path = Primitive.swift; sourceTree = "<group>"; };
		D87C49441F30F3770071EF45 /* ShadersArgBuf.metal */ = {isa = PBXFileReference; lastKnownFileType = sourcecode.metal; path = ShadersArgBuf.metal; sourceTree = "<group>"; };
		D87C49451F30F59D0071EF45 /* Shader.swift */ = {isa = PBXFileReference; lastKnownFileType = sourcecode.swift; path = Shader.swift; sourceTree = "<group>"; };
		D87C49471F31BC630071EF45 /* Physics.metal */ = {isa = PBXFileReference; lastKnownFileType = sourcecode.metal; path = Physics.metal; sourceTree = "<group>"; };
		D87C49491F31BF1C0071EF45 /* Particle.swift */ = {isa = PBXFileReference; lastKnownFileType = sourcecode.swift; path = Particle.swift; sourceTree = "<group>"; };
		D87C494B1F32449E0071EF45 /* Model.swift */ = {isa = PBXFileReference; lastKnownFileType = sourcecode.swift; path = Model.swift; sourceTree = "<group>"; };
		D89E33B91F1FCF030006F5A3 /* JoeMetalProj.app */ = {isa = PBXFileReference; explicitFileType = wrapper.application; includeInIndex = 0; path = JoeMetalProj.app; sourceTree = BUILT_PRODUCTS_DIR; };
		D89E33BE1F1FCF030006F5A3 /* ViewController.swift */ = {isa = PBXFileReference; lastKnownFileType = sourcecode.swift; path = ViewController.swift; sourceTree = "<group>"; };
		D89E33C11F1FCF030006F5A3 /* Base */ = {isa = PBXFileReference; lastKnownFileType = file.storyboard; name = Base; path = Base.lproj/Main.storyboard; sourceTree = "<group>"; };
		D89E33C31F1FCF030006F5A3 /* Assets.xcassets */ = {isa = PBXFileReference; lastKnownFileType = folder.assetcatalog; path = Assets.xcassets; sourceTree = "<group>"; };
		D89E33C61F1FCF030006F5A3 /* Base */ = {isa = PBXFileReference; lastKnownFileType = file.storyboard; name = Base; path = Base.lproj/LaunchScreen.storyboard; sourceTree = "<group>"; };
		D89E33CD1F1FCF040006F5A3 /* JoeMetalProjTests.xctest */ = {isa = PBXFileReference; explicitFileType = wrapper.cfbundle; includeInIndex = 0; path = JoeMetalProjTests.xctest; sourceTree = BUILT_PRODUCTS_DIR; };
		D89E33D11F1FCF040006F5A3 /* JoeMetalProjTests.swift */ = {isa = PBXFileReference; lastKnownFileType = sourcecode.swift; path = JoeMetalProjTests.swift; sourceTree = "<group>"; };
		D89E33D31F1FCF040006F5A3 /* Info.plist */ = {isa = PBXFileReference; lastKnownFileType = text.plist.xml; path = Info.plist; sourceTree = "<group>"; };
		D89E33D81F1FCF040006F5A3 /* JoeMetalProjUITests.xctest */ = {isa = PBXFileReference; explicitFileType = wrapper.cfbundle; includeInIndex = 0; path = JoeMetalProjUITests.xctest; sourceTree = BUILT_PRODUCTS_DIR; };
		D89E33DC1F1FCF040006F5A3 /* JoeMetalProjUITests.swift */ = {isa = PBXFileReference; lastKnownFileType = sourcecode.swift; path = JoeMetalProjUITests.swift; sourceTree = "<group>"; };
		D89E33DE1F1FCF040006F5A3 /* Info.plist */ = {isa = PBXFileReference; lastKnownFileType = text.plist.xml; path = Info.plist; sourceTree = "<group>"; };
		D89E33EA1F1FCF640006F5A3 /* JoeMetalProj-Bridging-Header.h */ = {isa = PBXFileReference; lastKnownFileType = sourcecode.c.h; path = "JoeMetalProj-Bridging-Header.h"; sourceTree = "<group>"; };
		D89E33EB1F1FCF650006F5A3 /* AppDelegate.swift */ = {isa = PBXFileReference; fileEncoding = 4; lastKnownFileType = sourcecode.swift; path = AppDelegate.swift; sourceTree = "<group>"; };
		D89E33EE1F1FCF650006F5A3 /* Info.plist */ = {isa = PBXFileReference; fileEncoding = 4; lastKnownFileType = text.plist.xml; path = Info.plist; sourceTree = "<group>"; };
		D89E33F21F1FCF650006F5A3 /* Shaders.metal */ = {isa = PBXFileReference; fileEncoding = 4; lastKnownFileType = sourcecode.metal; path = Shaders.metal; sourceTree = "<group>"; };
		D8A1BAB61F59DB3C00F59B83 /* SubMesh.swift */ = {isa = PBXFileReference; lastKnownFileType = sourcecode.swift; path = SubMesh.swift; sourceTree = "<group>"; };
		D8BB06AB1F4655B0004F4A48 /* Data */ = {isa = PBXFileReference; lastKnownFileType = text; name = Data; path = JoeMetalProj/Data; sourceTree = SOURCE_ROOT; };
		D8F143A81F54C16F0022041B /* PbmShader.metal */ = {isa = PBXFileReference; lastKnownFileType = sourcecode.metal; path = PbmShader.metal; sourceTree = "<group>"; };
		D8F143AB1F5734DA0022041B /* Material.swift */ = {isa = PBXFileReference; lastKnownFileType = sourcecode.swift; path = Material.swift; sourceTree = "<group>"; };
		D8FD394A1F223AF3003A548B /* Pass.swift */ = {isa = PBXFileReference; fileEncoding = 4; lastKnownFileType = sourcecode.swift; path = Pass.swift; sourceTree = "<group>"; };
		D8FD39581F23E8EB003A548B /* App.swift */ = {isa = PBXFileReference; fileEncoding = 4; lastKnownFileType = sourcecode.swift; path = App.swift; sourceTree = "<group>"; };
		D8FD395B1F23EAA2003A548B /* TouchMgr.swift */ = {isa = PBXFileReference; fileEncoding = 4; lastKnownFileType = sourcecode.swift; path = TouchMgr.swift; sourceTree = "<group>"; };
		D8FD395F1F23EE11003A548B /* Kernel.swift */ = {isa = PBXFileReference; fileEncoding = 4; lastKnownFileType = sourcecode.swift; path = Kernel.swift; sourceTree = "<group>"; };
		D8FD39611F24050D003A548B /* GameObject.swift */ = {isa = PBXFileReference; fileEncoding = 4; lastKnownFileType = sourcecode.swift; path = GameObject.swift; sourceTree = "<group>"; };
		D8FD39631F240558003A548B /* Enemy.swift */ = {isa = PBXFileReference; fileEncoding = 4; lastKnownFileType = sourcecode.swift; path = Enemy.swift; sourceTree = "<group>"; };
		D8FD39651F240BAF003A548B /* Utils.swift */ = {isa = PBXFileReference; fileEncoding = 4; lastKnownFileType = sourcecode.swift; path = Utils.swift; sourceTree = "<group>"; };
/* End PBXFileReference section */

/* Begin PBXFrameworksBuildPhase section */
		D89E33B61F1FCF030006F5A3 /* Frameworks */ = {
			isa = PBXFrameworksBuildPhase;
			buildActionMask = 2147483647;
			files = (
			);
			runOnlyForDeploymentPostprocessing = 0;
		};
		D89E33CA1F1FCF040006F5A3 /* Frameworks */ = {
			isa = PBXFrameworksBuildPhase;
			buildActionMask = 2147483647;
			files = (
			);
			runOnlyForDeploymentPostprocessing = 0;
		};
		D89E33D51F1FCF040006F5A3 /* Frameworks */ = {
			isa = PBXFrameworksBuildPhase;
			buildActionMask = 2147483647;
			files = (
			);
			runOnlyForDeploymentPostprocessing = 0;
		};
/* End PBXFrameworksBuildPhase section */

/* Begin PBXGroup section */
		D81213FB1F464C2A00327F31 /* Code */ = {
			isa = PBXGroup;
			children = (
				D8FD39581F23E8EB003A548B /* App.swift */,
				D8FD39611F24050D003A548B /* GameObject.swift */,
				D8FD39631F240558003A548B /* Enemy.swift */,
				D8240CC81F26A0C0005CFDF4 /* Player.swift */,
				D84438971F4B52FE0090AC18 /* ModelAsteroid.swift */,
			);
			name = Code;
			sourceTree = "<group>";
		};
		D85F97C41F44334F00FB7BDE /* Mesh */ = {
			isa = PBXGroup;
			children = (
				D8A1BAB61F59DB3C00F59B83 /* SubMesh.swift */,
				D85F97C01F436B2700FB7BDE /* Mesh.swift */,
				D85F97C21F436B6200FB7BDE /* Primitive.swift */,
				D87C494B1F32449E0071EF45 /* Model.swift */,
				D81213F21F4581E600327F31 /* MeshInstance.swift */,
			);
			name = Mesh;
			sourceTree = "<group>";
		};
		D8641F841F5889C1007BAF4E /* Other */ = {
			isa = PBXGroup;
			children = (
				D84438991F4B7C760090AC18 /* TextLayer.swift */,
				D87C49491F31BF1C0071EF45 /* Particle.swift */,
			);
			name = Other;
			sourceTree = "<group>";
		};
		D89E33B01F1FCF030006F5A3 = {
			isa = PBXGroup;
			children = (
				D89E33BB1F1FCF030006F5A3 /* JoeMetalProj */,
				D89E33D01F1FCF040006F5A3 /* JoeMetalProjTests */,
				D89E33DB1F1FCF040006F5A3 /* JoeMetalProjUITests */,
				D89E33BA1F1FCF030006F5A3 /* Products */,
			);
			sourceTree = "<group>";
		};
		D89E33BA1F1FCF030006F5A3 /* Products */ = {
			isa = PBXGroup;
			children = (
				D89E33B91F1FCF030006F5A3 /* JoeMetalProj.app */,
				D89E33CD1F1FCF040006F5A3 /* JoeMetalProjTests.xctest */,
				D89E33D81F1FCF040006F5A3 /* JoeMetalProjUITests.xctest */,
			);
			name = Products;
			sourceTree = "<group>";
		};
		D89E33BB1F1FCF030006F5A3 /* JoeMetalProj */ = {
			isa = PBXGroup;
			children = (
				D8FD395A1F23E8F7003A548B /* App */,
				D8FD39541F224694003A548B /* Engine */,
				D8FD395E1F23EB15003A548B /* iOS */,
			);
			path = JoeMetalProj;
			sourceTree = "<group>";
		};
		D89E33D01F1FCF040006F5A3 /* JoeMetalProjTests */ = {
			isa = PBXGroup;
			children = (
				D89E33D11F1FCF040006F5A3 /* JoeMetalProjTests.swift */,
				D89E33D31F1FCF040006F5A3 /* Info.plist */,
			);
			path = JoeMetalProjTests;
			sourceTree = "<group>";
		};
		D89E33DB1F1FCF040006F5A3 /* JoeMetalProjUITests */ = {
			isa = PBXGroup;
			children = (
				D89E33DC1F1FCF040006F5A3 /* JoeMetalProjUITests.swift */,
				D89E33DE1F1FCF040006F5A3 /* Info.plist */,
			);
			path = JoeMetalProjUITests;
			sourceTree = "<group>";
		};
		D8BB06AA1F4655A4004F4A48 /* Resources */ = {
			isa = PBXGroup;
			children = (
				D8BB06AB1F4655B0004F4A48 /* Data */,
			);
			path = Resources;
			sourceTree = "<group>";
		};
		D8F143AA1F5734720022041B /* Core */ = {
			isa = PBXGroup;
			children = (
				D8FD395F1F23EE11003A548B /* Kernel.swift */,
				D856494B1F3CDF4900D069FD /* Buffer.swift */,
				D87C49451F30F59D0071EF45 /* Shader.swift */,
				D81214041F464F2800327F31 /* Texture.swift */,
				D8F143AB1F5734DA0022041B /* Material.swift */,
				D8FD394A1F223AF3003A548B /* Pass.swift */,
				D85F97C41F44334F00FB7BDE /* Mesh */,
			);
			name = Core;
			sourceTree = "<group>";
		};
		D8FD39541F224694003A548B /* Engine */ = {
			isa = PBXGroup;
			children = (
				D8FD395D1F23EAAF003A548B /* IO */,
				D8FD39561F2246FE003A548B /* Shaders */,
				D8FD39571F224712003A548B /* Maths */,
				D8FD39551F22469C003A548B /* Renderer */,
			);
			name = Engine;
			sourceTree = "<group>";
		};
		D8FD39551F22469C003A548B /* Renderer */ = {
			isa = PBXGroup;
			children = (
				D8F143AA1F5734720022041B /* Core */,
				D8641F841F5889C1007BAF4E /* Other */,
			);
			name = Renderer;
			sourceTree = "<group>";
		};
		D8FD39561F2246FE003A548B /* Shaders */ = {
			isa = PBXGroup;
			children = (
				D89E33F21F1FCF650006F5A3 /* Shaders.metal */,
				D87C49441F30F3770071EF45 /* ShadersArgBuf.metal */,
				D87C49471F31BC630071EF45 /* Physics.metal */,
				D8F143A81F54C16F0022041B /* PbmShader.metal */,
			);
			name = Shaders;
			sourceTree = "<group>";
		};
		D8FD39571F224712003A548B /* Maths */ = {
			isa = PBXGroup;
			children = (
				D89E33EA1F1FCF640006F5A3 /* JoeMetalProj-Bridging-Header.h */,
				D8240CCF1F27BAD6005CFDF4 /* float4x4+Extensions.swift */,
				D8FD39651F240BAF003A548B /* Utils.swift */,
			);
			name = Maths;
			sourceTree = "<group>";
		};
		D8FD395A1F23E8F7003A548B /* App */ = {
			isa = PBXGroup;
			children = (
				D8BB06AA1F4655A4004F4A48 /* Resources */,
				D81213FB1F464C2A00327F31 /* Code */,
			);
			name = App;
			sourceTree = "<group>";
		};
		D8FD395D1F23EAAF003A548B /* IO */ = {
			isa = PBXGroup;
			children = (
				D8FD395B1F23EAA2003A548B /* TouchMgr.swift */,
			);
			name = IO;
			sourceTree = "<group>";
		};
		D8FD395E1F23EB15003A548B /* iOS */ = {
			isa = PBXGroup;
			children = (
				D89E33EB1F1FCF650006F5A3 /* AppDelegate.swift */,
				D89E33EE1F1FCF650006F5A3 /* Info.plist */,
				D89E33BE1F1FCF030006F5A3 /* ViewController.swift */,
				D89E33C01F1FCF030006F5A3 /* Main.storyboard */,
				D89E33C31F1FCF030006F5A3 /* Assets.xcassets */,
				D89E33C51F1FCF030006F5A3 /* LaunchScreen.storyboard */,
			);
			name = iOS;
			sourceTree = "<group>";
		};
/* End PBXGroup section */

/* Begin PBXNativeTarget section */
		D89E33B81F1FCF030006F5A3 /* JoeMetalProj */ = {
			isa = PBXNativeTarget;
			buildConfigurationList = D89E33E11F1FCF040006F5A3 /* Build configuration list for PBXNativeTarget "JoeMetalProj" */;
			buildPhases = (
				D89E33B51F1FCF030006F5A3 /* Sources */,
				D89E33B61F1FCF030006F5A3 /* Frameworks */,
				D89E33B71F1FCF030006F5A3 /* Resources */,
			);
			buildRules = (
			);
			dependencies = (
			);
			name = JoeMetalProj;
			productName = JoeMetalProj;
			productReference = D89E33B91F1FCF030006F5A3 /* JoeMetalProj.app */;
			productType = "com.apple.product-type.application";
		};
		D89E33CC1F1FCF040006F5A3 /* JoeMetalProjTests */ = {
			isa = PBXNativeTarget;
			buildConfigurationList = D89E33E41F1FCF040006F5A3 /* Build configuration list for PBXNativeTarget "JoeMetalProjTests" */;
			buildPhases = (
				D89E33C91F1FCF040006F5A3 /* Sources */,
				D89E33CA1F1FCF040006F5A3 /* Frameworks */,
				D89E33CB1F1FCF040006F5A3 /* Resources */,
			);
			buildRules = (
			);
			dependencies = (
				D89E33CF1F1FCF040006F5A3 /* PBXTargetDependency */,
			);
			name = JoeMetalProjTests;
			productName = JoeMetalProjTests;
			productReference = D89E33CD1F1FCF040006F5A3 /* JoeMetalProjTests.xctest */;
			productType = "com.apple.product-type.bundle.unit-test";
		};
		D89E33D71F1FCF040006F5A3 /* JoeMetalProjUITests */ = {
			isa = PBXNativeTarget;
			buildConfigurationList = D89E33E71F1FCF040006F5A3 /* Build configuration list for PBXNativeTarget "JoeMetalProjUITests" */;
			buildPhases = (
				D89E33D41F1FCF040006F5A3 /* Sources */,
				D89E33D51F1FCF040006F5A3 /* Frameworks */,
				D89E33D61F1FCF040006F5A3 /* Resources */,
			);
			buildRules = (
			);
			dependencies = (
				D89E33DA1F1FCF040006F5A3 /* PBXTargetDependency */,
			);
			name = JoeMetalProjUITests;
			productName = JoeMetalProjUITests;
			productReference = D89E33D81F1FCF040006F5A3 /* JoeMetalProjUITests.xctest */;
			productType = "com.apple.product-type.bundle.ui-testing";
		};
/* End PBXNativeTarget section */

/* Begin PBXProject section */
		D89E33B11F1FCF030006F5A3 /* Project object */ = {
			isa = PBXProject;
			attributes = {
				LastSwiftUpdateCheck = 0830;
				LastUpgradeCheck = 0900;
				ORGANIZATIONNAME = "Joe Milner-Moore";
				TargetAttributes = {
					D89E33B81F1FCF030006F5A3 = {
						CreatedOnToolsVersion = 8.3.3;
						DevelopmentTeam = 437W2955TM;
						LastSwiftMigration = 0900;
						ProvisioningStyle = Automatic;
					};
					D89E33CC1F1FCF040006F5A3 = {
						CreatedOnToolsVersion = 8.3.3;
						DevelopmentTeam = 437W2955TM;
						LastSwiftMigration = 0900;
						ProvisioningStyle = Automatic;
						TestTargetID = D89E33B81F1FCF030006F5A3;
					};
					D89E33D71F1FCF040006F5A3 = {
						CreatedOnToolsVersion = 8.3.3;
						DevelopmentTeam = 437W2955TM;
						LastSwiftMigration = 0900;
						ProvisioningStyle = Automatic;
						TestTargetID = D89E33B81F1FCF030006F5A3;
					};
				};
			};
			buildConfigurationList = D89E33B41F1FCF030006F5A3 /* Build configuration list for PBXProject "JoeMetalProj" */;
			compatibilityVersion = "Xcode 3.2";
			developmentRegion = English;
			hasScannedForEncodings = 0;
			knownRegions = (
				en,
				Base,
			);
			mainGroup = D89E33B01F1FCF030006F5A3;
			productRefGroup = D89E33BA1F1FCF030006F5A3 /* Products */;
			projectDirPath = "";
			projectRoot = "";
			targets = (
				D89E33B81F1FCF030006F5A3 /* JoeMetalProj */,
				D89E33CC1F1FCF040006F5A3 /* JoeMetalProjTests */,
				D89E33D71F1FCF040006F5A3 /* JoeMetalProjUITests */,
			);
		};
/* End PBXProject section */

/* Begin PBXResourcesBuildPhase section */
		D89E33B71F1FCF030006F5A3 /* Resources */ = {
			isa = PBXResourcesBuildPhase;
			buildActionMask = 2147483647;
			files = (
				D8BB06AC1F465602004F4A48 /* Data in Resources */,
				D89E33C71F1FCF030006F5A3 /* LaunchScreen.storyboard in Resources */,
				D89E33C41F1FCF030006F5A3 /* Assets.xcassets in Resources */,
				D89E33C21F1FCF030006F5A3 /* Main.storyboard in Resources */,
			);
			runOnlyForDeploymentPostprocessing = 0;
		};
		D89E33CB1F1FCF040006F5A3 /* Resources */ = {
			isa = PBXResourcesBuildPhase;
			buildActionMask = 2147483647;
			files = (
			);
			runOnlyForDeploymentPostprocessing = 0;
		};
		D89E33D61F1FCF040006F5A3 /* Resources */ = {
			isa = PBXResourcesBuildPhase;
			buildActionMask = 2147483647;
			files = (
			);
			runOnlyForDeploymentPostprocessing = 0;
		};
/* End PBXResourcesBuildPhase section */

/* Begin PBXSourcesBuildPhase section */
		D89E33B51F1FCF030006F5A3 /* Sources */ = {
			isa = PBXSourcesBuildPhase;
			buildActionMask = 2147483647;
			files = (
				D8F143AC1F5734DA0022041B /* Material.swift in Sources */,
				D8F143A91F54C16F0022041B /* PbmShader.metal in Sources */,
				D81213F31F4581E600327F31 /* MeshInstance.swift in Sources */,
				D8FD39601F23EE11003A548B /* Kernel.swift in Sources */,
				D84438981F4B52FE0090AC18 /* ModelAsteroid.swift in Sources */,
				D8A1BAB71F59DB3C00F59B83 /* SubMesh.swift in Sources */,
				D87C49461F30F59D0071EF45 /* Shader.swift in Sources */,
				D856494C1F3CDF4A00D069FD /* Buffer.swift in Sources */,
				D89E33FB1F1FCF650006F5A3 /* Shaders.metal in Sources */,
				D844389A1F4B7C760090AC18 /* TextLayer.swift in Sources */,
				D87C494A1F31BF1C0071EF45 /* Particle.swift in Sources */,
				D87C49481F31BC630071EF45 /* Physics.metal in Sources */,
				D8240CC91F26A0C0005CFDF4 /* Player.swift in Sources */,
				D8240CD01F27BAD6005CFDF4 /* float4x4+Extensions.swift in Sources */,
				D8FD39621F24050D003A548B /* GameObject.swift in Sources */,
				D85F97C31F436B6200FB7BDE /* Primitive.swift in Sources */,
				D8FD39661F240BAF003A548B /* Utils.swift in Sources */,
				D8FD39591F23E8EB003A548B /* App.swift in Sources */,
				D8FD394B1F223AF3003A548B /* Pass.swift in Sources */,
				D89E33F61F1FCF650006F5A3 /* AppDelegate.swift in Sources */,
				D85F97C11F436B2700FB7BDE /* Mesh.swift in Sources */,
				D8FD395C1F23EAA2003A548B /* TouchMgr.swift in Sources */,
				D81214051F464F2800327F31 /* Texture.swift in Sources */,
				D87C494C1F32449E0071EF45 /* Model.swift in Sources */,
				D8FD39641F240558003A548B /* Enemy.swift in Sources */,
				D89E33BF1F1FCF030006F5A3 /* ViewController.swift in Sources */,
			);
			runOnlyForDeploymentPostprocessing = 0;
		};
		D89E33C91F1FCF040006F5A3 /* Sources */ = {
			isa = PBXSourcesBuildPhase;
			buildActionMask = 2147483647;
			files = (
				D89E33D21F1FCF040006F5A3 /* JoeMetalProjTests.swift in Sources */,
			);
			runOnlyForDeploymentPostprocessing = 0;
		};
		D89E33D41F1FCF040006F5A3 /* Sources */ = {
			isa = PBXSourcesBuildPhase;
			buildActionMask = 2147483647;
			files = (
				D89E33DD1F1FCF040006F5A3 /* JoeMetalProjUITests.swift in Sources */,
			);
			runOnlyForDeploymentPostprocessing = 0;
		};
/* End PBXSourcesBuildPhase section */

/* Begin PBXTargetDependency section */
		D89E33CF1F1FCF040006F5A3 /* PBXTargetDependency */ = {
			isa = PBXTargetDependency;
			target = D89E33B81F1FCF030006F5A3 /* JoeMetalProj */;
			targetProxy = D89E33CE1F1FCF040006F5A3 /* PBXContainerItemProxy */;
		};
		D89E33DA1F1FCF040006F5A3 /* PBXTargetDependency */ = {
			isa = PBXTargetDependency;
			target = D89E33B81F1FCF030006F5A3 /* JoeMetalProj */;
			targetProxy = D89E33D91F1FCF040006F5A3 /* PBXContainerItemProxy */;
		};
/* End PBXTargetDependency section */

/* Begin PBXVariantGroup section */
		D89E33C01F1FCF030006F5A3 /* Main.storyboard */ = {
			isa = PBXVariantGroup;
			children = (
				D89E33C11F1FCF030006F5A3 /* Base */,
			);
			name = Main.storyboard;
			sourceTree = "<group>";
		};
		D89E33C51F1FCF030006F5A3 /* LaunchScreen.storyboard */ = {
			isa = PBXVariantGroup;
			children = (
				D89E33C61F1FCF030006F5A3 /* Base */,
			);
			name = LaunchScreen.storyboard;
			sourceTree = "<group>";
		};
/* End PBXVariantGroup section */

/* Begin XCBuildConfiguration section */
		D89E33DF1F1FCF040006F5A3 /* Debug */ = {
			isa = XCBuildConfiguration;
			buildSettings = {
				ALWAYS_SEARCH_USER_PATHS = NO;
				CLANG_ANALYZER_NONNULL = YES;
				CLANG_ANALYZER_NUMBER_OBJECT_CONVERSION = YES_AGGRESSIVE;
				CLANG_CXX_LANGUAGE_STANDARD = "gnu++0x";
				CLANG_CXX_LIBRARY = "libc++";
				CLANG_ENABLE_MODULES = YES;
				CLANG_ENABLE_OBJC_ARC = YES;
				CLANG_WARN_BLOCK_CAPTURE_AUTORELEASING = YES;
				CLANG_WARN_BOOL_CONVERSION = YES;
				CLANG_WARN_COMMA = YES;
				CLANG_WARN_CONSTANT_CONVERSION = YES;
				CLANG_WARN_DIRECT_OBJC_ISA_USAGE = YES_ERROR;
				CLANG_WARN_DOCUMENTATION_COMMENTS = YES;
				CLANG_WARN_EMPTY_BODY = YES;
				CLANG_WARN_ENUM_CONVERSION = YES;
				CLANG_WARN_INFINITE_RECURSION = YES;
				CLANG_WARN_INT_CONVERSION = YES;
				CLANG_WARN_NON_LITERAL_NULL_CONVERSION = YES;
				CLANG_WARN_OBJC_LITERAL_CONVERSION = YES;
				CLANG_WARN_OBJC_ROOT_CLASS = YES_ERROR;
				CLANG_WARN_RANGE_LOOP_ANALYSIS = YES;
				CLANG_WARN_STRICT_PROTOTYPES = YES;
				CLANG_WARN_SUSPICIOUS_MOVE = YES;
				CLANG_WARN_UNREACHABLE_CODE = YES;
				CLANG_WARN__DUPLICATE_METHOD_MATCH = YES;
				"CODE_SIGN_IDENTITY[sdk=iphoneos*]" = "iPhone Developer";
				COPY_PHASE_STRIP = NO;
				DEBUG_INFORMATION_FORMAT = dwarf;
				ENABLE_STRICT_OBJC_MSGSEND = YES;
				ENABLE_TESTABILITY = YES;
				GCC_C_LANGUAGE_STANDARD = gnu99;
				GCC_DYNAMIC_NO_PIC = NO;
				GCC_NO_COMMON_BLOCKS = YES;
				GCC_OPTIMIZATION_LEVEL = 0;
				GCC_PREPROCESSOR_DEFINITIONS = (
					"DEBUG=1",
					"$(inherited)",
				);
				GCC_WARN_64_TO_32_BIT_CONVERSION = YES;
				GCC_WARN_ABOUT_RETURN_TYPE = YES_ERROR;
				GCC_WARN_UNDECLARED_SELECTOR = YES;
				GCC_WARN_UNINITIALIZED_AUTOS = YES_AGGRESSIVE;
				GCC_WARN_UNUSED_FUNCTION = YES;
				GCC_WARN_UNUSED_VARIABLE = YES;
				IPHONEOS_DEPLOYMENT_TARGET = 10.3;
				MTL_ENABLE_DEBUG_INFO = YES;
				ONLY_ACTIVE_ARCH = YES;
				SDKROOT = iphoneos;
				SWIFT_ACTIVE_COMPILATION_CONDITIONS = DEBUG;
				SWIFT_OPTIMIZATION_LEVEL = "-Onone";
				SWIFT_SWIFT3_OBJC_INFERENCE = Off;
				SWIFT_VERSION = 4.0;
				TARGETED_DEVICE_FAMILY = "1,2";
			};
			name = Debug;
		};
		D89E33E01F1FCF040006F5A3 /* Release */ = {
			isa = XCBuildConfiguration;
			buildSettings = {
				ALWAYS_SEARCH_USER_PATHS = NO;
				CLANG_ANALYZER_NONNULL = YES;
				CLANG_ANALYZER_NUMBER_OBJECT_CONVERSION = YES_AGGRESSIVE;
				CLANG_CXX_LANGUAGE_STANDARD = "gnu++0x";
				CLANG_CXX_LIBRARY = "libc++";
				CLANG_ENABLE_MODULES = YES;
				CLANG_ENABLE_OBJC_ARC = YES;
				CLANG_WARN_BLOCK_CAPTURE_AUTORELEASING = YES;
				CLANG_WARN_BOOL_CONVERSION = YES;
				CLANG_WARN_COMMA = YES;
				CLANG_WARN_CONSTANT_CONVERSION = YES;
				CLANG_WARN_DIRECT_OBJC_ISA_USAGE = YES_ERROR;
				CLANG_WARN_DOCUMENTATION_COMMENTS = YES;
				CLANG_WARN_EMPTY_BODY = YES;
				CLANG_WARN_ENUM_CONVERSION = YES;
				CLANG_WARN_INFINITE_RECURSION = YES;
				CLANG_WARN_INT_CONVERSION = YES;
				CLANG_WARN_NON_LITERAL_NULL_CONVERSION = YES;
				CLANG_WARN_OBJC_LITERAL_CONVERSION = YES;
				CLANG_WARN_OBJC_ROOT_CLASS = YES_ERROR;
				CLANG_WARN_RANGE_LOOP_ANALYSIS = YES;
				CLANG_WARN_STRICT_PROTOTYPES = YES;
				CLANG_WARN_SUSPICIOUS_MOVE = YES;
				CLANG_WARN_UNREACHABLE_CODE = YES;
				CLANG_WARN__DUPLICATE_METHOD_MATCH = YES;
				"CODE_SIGN_IDENTITY[sdk=iphoneos*]" = "iPhone Developer";
				COPY_PHASE_STRIP = NO;
				DEBUG_INFORMATION_FORMAT = "dwarf-with-dsym";
				ENABLE_NS_ASSERTIONS = NO;
				ENABLE_STRICT_OBJC_MSGSEND = YES;
				GCC_C_LANGUAGE_STANDARD = gnu99;
				GCC_NO_COMMON_BLOCKS = YES;
				GCC_WARN_64_TO_32_BIT_CONVERSION = YES;
				GCC_WARN_ABOUT_RETURN_TYPE = YES_ERROR;
				GCC_WARN_UNDECLARED_SELECTOR = YES;
				GCC_WARN_UNINITIALIZED_AUTOS = YES_AGGRESSIVE;
				GCC_WARN_UNUSED_FUNCTION = YES;
				GCC_WARN_UNUSED_VARIABLE = YES;
				IPHONEOS_DEPLOYMENT_TARGET = 10.3;
				MTL_ENABLE_DEBUG_INFO = NO;
				SDKROOT = iphoneos;
				SWIFT_OPTIMIZATION_LEVEL = "-Owholemodule";
				SWIFT_SWIFT3_OBJC_INFERENCE = Off;
				SWIFT_VERSION = 4.0;
				TARGETED_DEVICE_FAMILY = "1,2";
				VALIDATE_PRODUCT = YES;
			};
			name = Release;
		};
		D89E33E21F1FCF040006F5A3 /* Debug */ = {
			isa = XCBuildConfiguration;
			buildSettings = {
				ASSETCATALOG_COMPILER_APPICON_NAME = AppIcon;
				CLANG_ENABLE_MODULES = YES;
				DEVELOPMENT_TEAM = 437W2955TM;
				INFOPLIST_FILE = JoeMetalProj/Info.plist;
				LD_RUNPATH_SEARCH_PATHS = "$(inherited) @executable_path/Frameworks";
				MTL_COMPILER_FLAGS = "-Wno-missing-prototypes";
				PRODUCT_BUNDLE_IDENTIFIER = JMM.JoeMetalProj;
				PRODUCT_NAME = "$(TARGET_NAME)";
				SWIFT_OBJC_BRIDGING_HEADER = "JoeMetalProj/JoeMetalProj-Bridging-Header.h";
				SWIFT_OPTIMIZATION_LEVEL = "-Onone";
				SWIFT_SWIFT3_OBJC_INFERENCE = On;
				SWIFT_VERSION = 4.0;
			};
			name = Debug;
		};
		D89E33E31F1FCF040006F5A3 /* Release */ = {
			isa = XCBuildConfiguration;
			buildSettings = {
				ASSETCATALOG_COMPILER_APPICON_NAME = AppIcon;
				CLANG_ENABLE_MODULES = YES;
				DEVELOPMENT_TEAM = 437W2955TM;
				INFOPLIST_FILE = JoeMetalProj/Info.plist;
				LD_RUNPATH_SEARCH_PATHS = "$(inherited) @executable_path/Frameworks";
				MTL_COMPILER_FLAGS = "-Wno-missing-prototypes";
				PRODUCT_BUNDLE_IDENTIFIER = JMM.JoeMetalProj;
				PRODUCT_NAME = "$(TARGET_NAME)";
				SWIFT_OBJC_BRIDGING_HEADER = "JoeMetalProj/JoeMetalProj-Bridging-Header.h";
				SWIFT_SWIFT3_OBJC_INFERENCE = On;
				SWIFT_VERSION = 4.0;
			};
			name = Release;
		};
		D89E33E51F1FCF040006F5A3 /* Debug */ = {
			isa = XCBuildConfiguration;
			buildSettings = {
				ALWAYS_EMBED_SWIFT_STANDARD_LIBRARIES = YES;
				BUNDLE_LOADER = "$(TEST_HOST)";
				DEVELOPMENT_TEAM = 437W2955TM;
				INFOPLIST_FILE = JoeMetalProjTests/Info.plist;
				LD_RUNPATH_SEARCH_PATHS = "$(inherited) @executable_path/Frameworks @loader_path/Frameworks";
				PRODUCT_BUNDLE_IDENTIFIER = JMM.JoeMetalProjTests;
				PRODUCT_NAME = "$(TARGET_NAME)";
				SWIFT_SWIFT3_OBJC_INFERENCE = On;
				SWIFT_VERSION = 4.0;
				TEST_HOST = "$(BUILT_PRODUCTS_DIR)/JoeMetalProj.app/JoeMetalProj";
			};
			name = Debug;
		};
		D89E33E61F1FCF040006F5A3 /* Release */ = {
			isa = XCBuildConfiguration;
			buildSettings = {
				ALWAYS_EMBED_SWIFT_STANDARD_LIBRARIES = YES;
				BUNDLE_LOADER = "$(TEST_HOST)";
				DEVELOPMENT_TEAM = 437W2955TM;
				INFOPLIST_FILE = JoeMetalProjTests/Info.plist;
				LD_RUNPATH_SEARCH_PATHS = "$(inherited) @executable_path/Frameworks @loader_path/Frameworks";
				PRODUCT_BUNDLE_IDENTIFIER = JMM.JoeMetalProjTests;
				PRODUCT_NAME = "$(TARGET_NAME)";
				SWIFT_SWIFT3_OBJC_INFERENCE = On;
				SWIFT_VERSION = 4.0;
				TEST_HOST = "$(BUILT_PRODUCTS_DIR)/JoeMetalProj.app/JoeMetalProj";
			};
			name = Release;
		};
		D89E33E81F1FCF040006F5A3 /* Debug */ = {
			isa = XCBuildConfiguration;
			buildSettings = {
				ALWAYS_EMBED_SWIFT_STANDARD_LIBRARIES = YES;
				DEVELOPMENT_TEAM = 437W2955TM;
				INFOPLIST_FILE = JoeMetalProjUITests/Info.plist;
				LD_RUNPATH_SEARCH_PATHS = "$(inherited) @executable_path/Frameworks @loader_path/Frameworks";
				PRODUCT_BUNDLE_IDENTIFIER = JMM.JoeMetalProjUITests;
				PRODUCT_NAME = "$(TARGET_NAME)";
				SWIFT_SWIFT3_OBJC_INFERENCE = On;
				SWIFT_VERSION = 4.0;
				TEST_TARGET_NAME = JoeMetalProj;
			};
			name = Debug;
		};
		D89E33E91F1FCF040006F5A3 /* Release */ = {
			isa = XCBuildConfiguration;
			buildSettings = {
				ALWAYS_EMBED_SWIFT_STANDARD_LIBRARIES = YES;
				DEVELOPMENT_TEAM = 437W2955TM;
				INFOPLIST_FILE = JoeMetalProjUITests/Info.plist;
				LD_RUNPATH_SEARCH_PATHS = "$(inherited) @executable_path/Frameworks @loader_path/Frameworks";
				PRODUCT_BUNDLE_IDENTIFIER = JMM.JoeMetalProjUITests;
				PRODUCT_NAME = "$(TARGET_NAME)";
				SWIFT_SWIFT3_OBJC_INFERENCE = On;
				SWIFT_VERSION = 4.0;
				TEST_TARGET_NAME = JoeMetalProj;
			};
			name = Release;
		};
/* End XCBuildConfiguration section */

/* Begin XCConfigurationList section */
		D89E33B41F1FCF030006F5A3 /* Build configuration list for PBXProject "JoeMetalProj" */ = {
			isa = XCConfigurationList;
			buildConfigurations = (
				D89E33DF1F1FCF040006F5A3 /* Debug */,
				D89E33E01F1FCF040006F5A3 /* Release */,
			);
			defaultConfigurationIsVisible = 0;
			defaultConfigurationName = Release;
		};
		D89E33E11F1FCF040006F5A3 /* Build configuration list for PBXNativeTarget "JoeMetalProj" */ = {
			isa = XCConfigurationList;
			buildConfigurations = (
				D89E33E21F1FCF040006F5A3 /* Debug */,
				D89E33E31F1FCF040006F5A3 /* Release */,
			);
			defaultConfigurationIsVisible = 0;
			defaultConfigurationName = Release;
		};
		D89E33E41F1FCF040006F5A3 /* Build configuration list for PBXNativeTarget "JoeMetalProjTests" */ = {
			isa = XCConfigurationList;
			buildConfigurations = (
				D89E33E51F1FCF040006F5A3 /* Debug */,
				D89E33E61F1FCF040006F5A3 /* Release */,
			);
			defaultConfigurationIsVisible = 0;
			defaultConfigurationName = Release;
		};
		D89E33E71F1FCF040006F5A3 /* Build configuration list for PBXNativeTarget "JoeMetalProjUITests" */ = {
			isa = XCConfigurationList;
			buildConfigurations = (
				D89E33E81F1FCF040006F5A3 /* Debug */,
				D89E33E91F1FCF040006F5A3 /* Release */,
			);
			defaultConfigurationIsVisible = 0;
			defaultConfigurationName = Release;
		};
/* End XCConfigurationList section */
	};
	rootObject = D89E33B11F1FCF030006F5A3 /* Project object */;
}
